{
  "version": 4,
  "terraform_version": "0.15.1",
  "serial": 7,
  "lineage": "28cb98b2-8d56-f144-e60c-e18fb86911fb",
  "outputs": {},
  "resources": [
    {
      "module": "module.network",
      "mode": "managed",
      "type": "google_compute_network",
      "name": "network",
      "provider": "provider[\"registry.terraform.io/hashicorp/google\"]",
      "instances": [
        {
          "schema_version": 0,
          "attributes": {
            "auto_create_subnetworks": false,
            "delete_default_routes_on_create": false,
            "description": "",
            "gateway_ipv4": "",
            "id": "kube",
            "ipv4_range": "",
            "name": "kube",
            "project": "phrasal-client-312207",
            "routing_mode": "GLOBAL",
            "self_link": "https://www.googleapis.com/compute/v1/projects/phrasal-client-312207/global/networks/kube",
            "timeouts": null
          },
          "sensitive_attributes": [],
          "create_before_destroy": true
        }
      ]
    },
    {
      "module": "module.network",
      "mode": "managed",
      "type": "google_compute_subnetwork",
      "name": "subnetwork",
      "provider": "provider[\"registry.terraform.io/hashicorp/google\"]",
      "instances": [
        {
          "schema_version": 0,
          "attributes": {
            "creation_timestamp": "2021-05-01T19:33:05.433-07:00",
            "description": "",
            "enable_flow_logs": false,
            "fingerprint": "Q-IoIRb1C04=",
            "gateway_address": "10.40.0.1",
            "id": "asia-southeast1/kube-subnet",
            "ip_cidr_range": "10.40.0.0/16",
            "name": "kube-subnet",
            "network": "https://www.googleapis.com/compute/v1/projects/phrasal-client-312207/global/networks/kube",
            "private_ip_google_access": true,
            "project": "phrasal-client-312207",
            "region": "asia-southeast1",
            "secondary_ip_range": [
              {
                "ip_cidr_range": "10.41.0.0/16",
                "range_name": "gke-pods-1"
              },
              {
                "ip_cidr_range": "10.42.0.0/16",
                "range_name": "gke-services-1"
              }
            ],
            "self_link": "https://www.googleapis.com/compute/v1/projects/phrasal-client-312207/regions/asia-southeast1/subnetworks/kube-subnet",
            "timeouts": null
          },
          "sensitive_attributes": [],
          "dependencies": [
            "module.network.google_compute_network.network"
          ],
          "create_before_destroy": true
        }
      ]
    },
    {
      "module": "module.node_pool",
      "mode": "managed",
      "type": "google_container_node_pool",
      "name": "node_pool",
      "provider": "provider[\"registry.terraform.io/hashicorp/google\"]",
      "instances": []
    },
    {
      "module": "module.node_pool",
      "mode": "managed",
      "type": "random_id",
      "name": "entropy",
      "provider": "provider[\"registry.terraform.io/hashicorp/random\"]",
      "instances": [
        {
          "schema_version": 0,
          "attributes": {
            "b64_std": "Cfc=",
            "b64_url": "Cfc",
            "byte_length": 2,
            "dec": "2551",
            "hex": "09f7",
            "id": "Cfc",
            "keepers": {
              "disk_size": "100",
              "disk_type": "pd-standard",
              "initial_node_count": "1",
              "labels": "{}",
              "machine_type": "n1-standard-4",
              "name": "gke-example-node-pool",
              "region": "asia-southeast1",
              "tags": ""
            },
            "prefix": null
          },
          "sensitive_attributes": [],
          "private": "bnVsbA==",
          "create_before_destroy": true
        }
      ]
    }
  ]
}
